
Microsoft Visual Studio Solution File, Format Version 12.00
# Visual Studio 15
VisualStudioVersion = 15.0.27130.0
MinimumVisualStudioVersion = 10.0.40219.1
Project("{FAE04EC0-301F-11D3-BF4B-00C04F79EFBC}") = "ClientExtensions", "ClientExtensions\ClientExtensions.csproj", "{DD62E09E-C104-46F3-B7C1-849EE2E3C49C}"
EndProject
Project("{FAE04EC0-301F-11D3-BF4B-00C04F79EFBC}") = "CRMExtensions", "CRMExtensions\CRMExtensions.csproj", "{1FEE89E4-8CDD-4BB6-850E-4176EEBF6A18}"
EndProject
Project("{2150E333-8FDC-42A3-9474-1A3956D46DE8}") = "PRESENTATION", "PRESENTATION", "{21AD76CF-CB2C-4078-88F6-5A6DB2BE899D}"
	ProjectSection(SolutionItems) = preProject
		PRESENTATION\Developing with Dynamics 365.pptx = PRESENTATION\Developing with Dynamics 365.pptx
		PRESENTATION\forecast.gif = PRESENTATION\forecast.gif
		PRESENTATION\MeetupManagement_1_0.zip = PRESENTATION\MeetupManagement_1_0.zip
		PRESENTATION\MeetupManagement_1_0_managed.zip = PRESENTATION\MeetupManagement_1_0_managed.zip
	EndProjectSection
EndProject
Global
	GlobalSection(SolutionConfigurationPlatforms) = preSolution
		Debug|Any CPU = Debug|Any CPU
		Release|Any CPU = Release|Any CPU
	EndGlobalSection
	GlobalSection(ProjectConfigurationPlatforms) = postSolution
		{DD62E09E-C104-46F3-B7C1-849EE2E3C49C}.Debug|Any CPU.ActiveCfg = Debug|Any CPU
		{DD62E09E-C104-46F3-B7C1-849EE2E3C49C}.Debug|Any CPU.Build.0 = Debug|Any CPU
		{DD62E09E-C104-46F3-B7C1-849EE2E3C49C}.Release|Any CPU.ActiveCfg = Release|Any CPU
		{DD62E09E-C104-46F3-B7C1-849EE2E3C49C}.Release|Any CPU.Build.0 = Release|Any CPU
		{1FEE89E4-8CDD-4BB6-850E-4176EEBF6A18}.Debug|Any CPU.ActiveCfg = Debug|Any CPU
		{1FEE89E4-8CDD-4BB6-850E-4176EEBF6A18}.Debug|Any CPU.Build.0 = Debug|Any CPU
		{1FEE89E4-8CDD-4BB6-850E-4176EEBF6A18}.Release|Any CPU.ActiveCfg = Release|Any CPU
		{1FEE89E4-8CDD-4BB6-850E-4176EEBF6A18}.Release|Any CPU.Build.0 = Release|Any CPU
	EndGlobalSection
	GlobalSection(SolutionProperties) = preSolution
		HideSolutionNode = FALSE
	EndGlobalSection
	GlobalSection(ExtensibilityGlobals) = postSolution
		SolutionGuid = {C84522C7-7031-489E-BAE0-5B898C361868}
	EndGlobalSection
EndGlobal
